
Microsoft Visual Studio Solution File, Format Version 12.00
# Visual Studio Version 17
VisualStudioVersion = 17.10.34902.84
MinimumVisualStudioVersion = 10.0.40219.1
Project("{FAE04EC0-301F-11D3-BF4B-00C04F79EFBC}") = "WinFormsApp1", "WinFormsApp1.csproj", "{63A0F85E-338C-46A3-9322-2F8095D2CBE8}"
EndProject
Project("{FAE04EC0-301F-11D3-BF4B-00C04F79EFBC}") = "TestProject1", "..\TestProject1\TestProject1.csproj", "{1B802CEC-7714-40DB-BA16-2BC6AB9D8F4D}"
EndProject
Project("{FAE04EC0-301F-11D3-BF4B-00C04F79EFBC}") = "ClassLibrary1", "..\ClassLibrary1\ClassLibrary1.csproj", "{704704B7-CCC8-4C4B-9789-234850506AA2}"
EndProject
Global
	GlobalSection(SolutionConfigurationPlatforms) = preSolution
		Debug|Any CPU = Debug|Any CPU
		Release|Any CPU = Release|Any CPU
	EndGlobalSection
	GlobalSection(ProjectConfigurationPlatforms) = postSolution
		{63A0F85E-338C-46A3-9322-2F8095D2CBE8}.Debug|Any CPU.ActiveCfg = Debug|Any CPU
		{63A0F85E-338C-46A3-9322-2F8095D2CBE8}.Debug|Any CPU.Build.0 = Debug|Any CPU
		{63A0F85E-338C-46A3-9322-2F8095D2CBE8}.Release|Any CPU.ActiveCfg = Release|Any CPU
		{63A0F85E-338C-46A3-9322-2F8095D2CBE8}.Release|Any CPU.Build.0 = Release|Any CPU
		{1B802CEC-7714-40DB-BA16-2BC6AB9D8F4D}.Debug|Any CPU.ActiveCfg = Debug|Any CPU
		{1B802CEC-7714-40DB-BA16-2BC6AB9D8F4D}.Debug|Any CPU.Build.0 = Debug|Any CPU
		{1B802CEC-7714-40DB-BA16-2BC6AB9D8F4D}.Release|Any CPU.ActiveCfg = Release|Any CPU
		{1B802CEC-7714-40DB-BA16-2BC6AB9D8F4D}.Release|Any CPU.Build.0 = Release|Any CPU
		{704704B7-CCC8-4C4B-9789-234850506AA2}.Debug|Any CPU.ActiveCfg = Debug|Any CPU
		{704704B7-CCC8-4C4B-9789-234850506AA2}.Debug|Any CPU.Build.0 = Debug|Any CPU
		{704704B7-CCC8-4C4B-9789-234850506AA2}.Release|Any CPU.ActiveCfg = Release|Any CPU
		{704704B7-CCC8-4C4B-9789-234850506AA2}.Release|Any CPU.Build.0 = Release|Any CPU
	EndGlobalSection
	GlobalSection(SolutionProperties) = preSolution
		HideSolutionNode = FALSE
	EndGlobalSection
	GlobalSection(ExtensibilityGlobals) = postSolution
		SolutionGuid = {631996AD-DD67-4449-8EF3-9D7D87C5499F}
	EndGlobalSection
EndGlobal
